
Microsoft Visual Studio Solution File, Format Version 12.00
# Visual Studio 15
VisualStudioVersion = 15.0.28307.168
MinimumVisualStudioVersion = 10.0.40219.1
Project("{9A19103F-16F7-4668-BE54-9A1E7A4F7556}") = "Chat.Server", "Qml.Net.Chat.Server\Chat.Server.csproj", "{11822CCB-F2AC-4247-A626-ECCFDA4A76D2}"
EndProject
Project("{9A19103F-16F7-4668-BE54-9A1E7A4F7556}") = "Chat.Client", "Qml.Net.Chat.Client\Chat.Client.csproj", "{9898B417-685C-4597-9DA3-1BC22275EC5C}"
EndProject
Global
	GlobalSection(SolutionConfigurationPlatforms) = preSolution
		Debug|Any CPU = Debug|Any CPU
		Release|Any CPU = Release|Any CPU
	EndGlobalSection
	GlobalSection(ProjectConfigurationPlatforms) = postSolution
		{11822CCB-F2AC-4247-A626-ECCFDA4A76D2}.Debug|Any CPU.ActiveCfg = Debug|Any CPU
		{11822CCB-F2AC-4247-A626-ECCFDA4A76D2}.Debug|Any CPU.Build.0 = Debug|Any CPU
		{11822CCB-F2AC-4247-A626-ECCFDA4A76D2}.Release|Any CPU.ActiveCfg = Release|Any CPU
		{11822CCB-F2AC-4247-A626-ECCFDA4A76D2}.Release|Any CPU.Build.0 = Release|Any CPU
		{9898B417-685C-4597-9DA3-1BC22275EC5C}.Debug|Any CPU.ActiveCfg = Debug|Any CPU
		{9898B417-685C-4597-9DA3-1BC22275EC5C}.Debug|Any CPU.Build.0 = Debug|Any CPU
		{9898B417-685C-4597-9DA3-1BC22275EC5C}.Release|Any CPU.ActiveCfg = Release|Any CPU
		{9898B417-685C-4597-9DA3-1BC22275EC5C}.Release|Any CPU.Build.0 = Release|Any CPU
	EndGlobalSection
	GlobalSection(SolutionProperties) = preSolution
		HideSolutionNode = FALSE
	EndGlobalSection
	GlobalSection(ExtensibilityGlobals) = postSolution
		SolutionGuid = {F5A3D7F3-17CC-4CDC-98BD-B1D82CB5C8EA}
	EndGlobalSection
EndGlobal
